
Microsoft Visual Studio Solution File, Format Version 12.00
# Visual Studio 15
VisualStudioVersion = 15.0.28307.271
MinimumVisualStudioVersion = 10.0.40219.1
Project("{FAE04EC0-301F-11D3-BF4B-00C04F79EFBC}") = "MovieWeb", "Vidly\MovieWeb.csproj", "{3F03E2AC-4917-4CCA-96B2-DFFBCE3B44FF}"
EndProject
Global
	GlobalSection(SolutionConfigurationPlatforms) = preSolution
		Debug|Any CPU = Debug|Any CPU
		Release|Any CPU = Release|Any CPU
	EndGlobalSection
	GlobalSection(ProjectConfigurationPlatforms) = postSolution
		{3F03E2AC-4917-4CCA-96B2-DFFBCE3B44FF}.Debug|Any CPU.ActiveCfg = Debug|Any CPU
		{3F03E2AC-4917-4CCA-96B2-DFFBCE3B44FF}.Debug|Any CPU.Build.0 = Debug|Any CPU
		{3F03E2AC-4917-4CCA-96B2-DFFBCE3B44FF}.Release|Any CPU.ActiveCfg = Release|Any CPU
		{3F03E2AC-4917-4CCA-96B2-DFFBCE3B44FF}.Release|Any CPU.Build.0 = Release|Any CPU
	EndGlobalSection
	GlobalSection(SolutionProperties) = preSolution
		HideSolutionNode = FALSE
	EndGlobalSection
	GlobalSection(ExtensibilityGlobals) = postSolution
		SolutionGuid = {A5ADAE6B-9B57-47E6-A0ED-735E60325BE5}
	EndGlobalSection
EndGlobal
